
Microsoft Visual Studio Solution File, Format Version 12.00
# Visual Studio 15
VisualStudioVersion = 15.0.27130.2020
MinimumVisualStudioVersion = 10.0.40219.1
Project("{FAE04EC0-301F-11D3-BF4B-00C04F79EFBC}") = "KeyCounter.UI", "KeyCounter.UI\KeyCounter.UI.csproj", "{3A0FE1FB-D82F-4136-ADCC-9CCC2EE9B4AB}"
EndProject
Project("{FAE04EC0-301F-11D3-BF4B-00C04F79EFBC}") = "KeyCounter.Core", "KeyCounter.Core\KeyCounter.Core.csproj", "{D901A5DE-C9E2-488E-8821-D44AED649A59}"
EndProject
Global
	GlobalSection(SolutionConfigurationPlatforms) = preSolution
		Debug|Any CPU = Debug|Any CPU
		Release|Any CPU = Release|Any CPU
	EndGlobalSection
	GlobalSection(ProjectConfigurationPlatforms) = postSolution
		{3A0FE1FB-D82F-4136-ADCC-9CCC2EE9B4AB}.Debug|Any CPU.ActiveCfg = Debug|Any CPU
		{3A0FE1FB-D82F-4136-ADCC-9CCC2EE9B4AB}.Debug|Any CPU.Build.0 = Debug|Any CPU
		{3A0FE1FB-D82F-4136-ADCC-9CCC2EE9B4AB}.Release|Any CPU.ActiveCfg = Release|Any CPU
		{3A0FE1FB-D82F-4136-ADCC-9CCC2EE9B4AB}.Release|Any CPU.Build.0 = Release|Any CPU
		{D901A5DE-C9E2-488E-8821-D44AED649A59}.Debug|Any CPU.ActiveCfg = Debug|Any CPU
		{D901A5DE-C9E2-488E-8821-D44AED649A59}.Debug|Any CPU.Build.0 = Debug|Any CPU
		{D901A5DE-C9E2-488E-8821-D44AED649A59}.Release|Any CPU.ActiveCfg = Release|Any CPU
		{D901A5DE-C9E2-488E-8821-D44AED649A59}.Release|Any CPU.Build.0 = Release|Any CPU
	EndGlobalSection
	GlobalSection(SolutionProperties) = preSolution
		HideSolutionNode = FALSE
	EndGlobalSection
	GlobalSection(ExtensibilityGlobals) = postSolution
		SolutionGuid = {32D2A6D8-CA8F-4E49-9BEB-0BED1AE3D2ED}
	EndGlobalSection
EndGlobal
